
Microsoft Visual Studio Solution File, Format Version 12.00
# Visual Studio Version 17
VisualStudioVersion = 17.5.33502.453
MinimumVisualStudioVersion = 10.0.40219.1
Project("{9A19103F-16F7-4668-BE54-9A1E7A4F7556}") = "benchmark-playground", "benchmark-playground.csproj", "{051092E4-5A86-48E9-879C-C79A8A8B9643}"
EndProject
Project("{9A19103F-16F7-4668-BE54-9A1E7A4F7556}") = "long-running-task", "..\long-running-task\long-running-task.csproj", "{6C6F0494-15BA-4252-9A39-7554A36958EE}"
EndProject
Project("{9A19103F-16F7-4668-BE54-9A1E7A4F7556}") = "YieldNToList", "..\YieldNToList\YieldNToList\YieldNToList.csproj", "{31EF8E68-6B06-455F-9CC9-C1DFB92AE952}"
EndProject
Project("{9A19103F-16F7-4668-BE54-9A1E7A4F7556}") = "lock-vs-readerwriteslimlock", "..\lock-vs-readerwriteslimlock\lock-vs-readerwriteslimlock.csproj", "{2DAB6119-6CDF-4972-A325-BEAC58711037}"
EndProject
Project("{FAE04EC0-301F-11D3-BF4B-00C04F79EFBC}") = "ConsoleApp", "..\ConsoleApp\ConsoleApp.csproj", "{31055F6E-1029-42C4-BEC2-8FC0B18012D2}"
EndProject
Global
	GlobalSection(SolutionConfigurationPlatforms) = preSolution
		Debug|Any CPU = Debug|Any CPU
		Release|Any CPU = Release|Any CPU
	EndGlobalSection
	GlobalSection(ProjectConfigurationPlatforms) = postSolution
		{051092E4-5A86-48E9-879C-C79A8A8B9643}.Debug|Any CPU.ActiveCfg = Debug|Any CPU
		{051092E4-5A86-48E9-879C-C79A8A8B9643}.Debug|Any CPU.Build.0 = Debug|Any CPU
		{051092E4-5A86-48E9-879C-C79A8A8B9643}.Release|Any CPU.ActiveCfg = Release|Any CPU
		{051092E4-5A86-48E9-879C-C79A8A8B9643}.Release|Any CPU.Build.0 = Release|Any CPU
		{6C6F0494-15BA-4252-9A39-7554A36958EE}.Debug|Any CPU.ActiveCfg = Debug|Any CPU
		{6C6F0494-15BA-4252-9A39-7554A36958EE}.Debug|Any CPU.Build.0 = Debug|Any CPU
		{6C6F0494-15BA-4252-9A39-7554A36958EE}.Release|Any CPU.ActiveCfg = Release|Any CPU
		{6C6F0494-15BA-4252-9A39-7554A36958EE}.Release|Any CPU.Build.0 = Release|Any CPU
		{31EF8E68-6B06-455F-9CC9-C1DFB92AE952}.Debug|Any CPU.ActiveCfg = Debug|Any CPU
		{31EF8E68-6B06-455F-9CC9-C1DFB92AE952}.Debug|Any CPU.Build.0 = Debug|Any CPU
		{31EF8E68-6B06-455F-9CC9-C1DFB92AE952}.Release|Any CPU.ActiveCfg = Release|Any CPU
		{31EF8E68-6B06-455F-9CC9-C1DFB92AE952}.Release|Any CPU.Build.0 = Release|Any CPU
		{2DAB6119-6CDF-4972-A325-BEAC58711037}.Debug|Any CPU.ActiveCfg = Debug|Any CPU
		{2DAB6119-6CDF-4972-A325-BEAC58711037}.Debug|Any CPU.Build.0 = Debug|Any CPU
		{2DAB6119-6CDF-4972-A325-BEAC58711037}.Release|Any CPU.ActiveCfg = Release|Any CPU
		{2DAB6119-6CDF-4972-A325-BEAC58711037}.Release|Any CPU.Build.0 = Release|Any CPU
		{31055F6E-1029-42C4-BEC2-8FC0B18012D2}.Debug|Any CPU.ActiveCfg = Debug|Any CPU
		{31055F6E-1029-42C4-BEC2-8FC0B18012D2}.Debug|Any CPU.Build.0 = Debug|Any CPU
		{31055F6E-1029-42C4-BEC2-8FC0B18012D2}.Release|Any CPU.ActiveCfg = Release|Any CPU
		{31055F6E-1029-42C4-BEC2-8FC0B18012D2}.Release|Any CPU.Build.0 = Release|Any CPU
	EndGlobalSection
	GlobalSection(SolutionProperties) = preSolution
		HideSolutionNode = FALSE
	EndGlobalSection
	GlobalSection(ExtensibilityGlobals) = postSolution
		SolutionGuid = {B8204FF7-2723-4650-B845-A5B3239DACA9}
	EndGlobalSection
EndGlobal
